
Microsoft Visual Studio Solution File, Format Version 12.00
# Visual Studio Version 16
VisualStudioVersion = 16.0.32510.428
MinimumVisualStudioVersion = 10.0.40219.1
Project("{FAE04EC0-301F-11D3-BF4B-00C04F79EFBC}") = "Reflection", "Reflection\Reflection.csproj", "{2ADA9C35-57EF-4F09-B8F7-2F7D5D4DF5BB}"
EndProject
Global
	GlobalSection(SolutionConfigurationPlatforms) = preSolution
		Debug|Any CPU = Debug|Any CPU
		Release|Any CPU = Release|Any CPU
	EndGlobalSection
	GlobalSection(ProjectConfigurationPlatforms) = postSolution
		{2ADA9C35-57EF-4F09-B8F7-2F7D5D4DF5BB}.Debug|Any CPU.ActiveCfg = Debug|Any CPU
		{2ADA9C35-57EF-4F09-B8F7-2F7D5D4DF5BB}.Debug|Any CPU.Build.0 = Debug|Any CPU
		{2ADA9C35-57EF-4F09-B8F7-2F7D5D4DF5BB}.Release|Any CPU.ActiveCfg = Release|Any CPU
		{2ADA9C35-57EF-4F09-B8F7-2F7D5D4DF5BB}.Release|Any CPU.Build.0 = Release|Any CPU
	EndGlobalSection
	GlobalSection(SolutionProperties) = preSolution
		HideSolutionNode = FALSE
	EndGlobalSection
	GlobalSection(ExtensibilityGlobals) = postSolution
		SolutionGuid = {813EDBE9-5353-4C25-8DF5-1852A7D9D1C7}
	EndGlobalSection
EndGlobal
